Microsoft Visual Studio Solution File, Format Version 12.00
# Visual Studio Version 18
VisualStudioVersion = 18.7.12002.237
MinimumVisualStudioVersion = 10.0.40219.1
Project("{FAE04EC0-301F-11D3-BF4B-00C04F79EFBC}") = "ElegooLink.Events", "src\ElegooLink.Events\ElegooLink.Events.csproj", "{5F819709-5582-43C5-BC04-C81844AA608A}"
EndProject
Project("{FAE04EC0-301F-11D3-BF4B-00C04F79EFBC}") = "ElegooLink.EventConsole", "src\ElegooLink.EventConsole\ElegooLink.EventConsole.csproj", "{E1C81208-03C2-47AD-99EB-6A1D170F4A76}"
EndProject
Project("{FAE04EC0-301F-11D3-BF4B-00C04F79EFBC}") = "ElegooLink.Desktop.Core", "src\ElegooLink.Desktop.Core\ElegooLink.Desktop.Core.csproj", "{A8AF7E50-0645-4D8A-AB45-7EA66812D2A1}"
EndProject
Project("{FAE04EC0-301F-11D3-BF4B-00C04F79EFBC}") = "ElegooLink.Desktop", "src\ElegooLink.Desktop\ElegooLink.Desktop.csproj", "{83A7125E-6839-4D62-858C-1047E7291941}"
EndProject
Project("{FAE04EC0-301F-11D3-BF4B-00C04F79EFBC}") = "ElegooLink.Events.Tests", "tests\ElegooLink.Events.Tests\ElegooLink.Events.Tests.csproj", "{B05A60F8-D2FD-473B-BD5E-C1558A670DF2}"
EndProject
Project("{2150E333-8FDC-42A3-9474-1A3956D46DE8}") = "Solution Items", "Solution Items", "{E4D55604-0645-46E7-8DE3-0DBF3188FBA0}"
	ProjectSection(SolutionItems) = preProject
		.gitignore = .gitignore
		global.json = global.json
		installer\ElegooPrinterEvents.iss = installer\ElegooPrinterEvents.iss
		native\CMakeLists.txt = native\CMakeLists.txt
		native\vcpkg.json = native\vcpkg.json
		README.md = README.md
		scripts\build-installer.ps1 = scripts\build-installer.ps1
		scripts\build.ps1 = scripts\build.ps1
		scripts\build.sh = scripts\build.sh
	EndProjectSection
EndProject
Global
	GlobalSection(SolutionConfigurationPlatforms) = preSolution
		Debug|Any CPU = Debug|Any CPU
		Release|Any CPU = Release|Any CPU
	EndGlobalSection
	GlobalSection(ProjectConfigurationPlatforms) = postSolution
		{5F819709-5582-43C5-BC04-C81844AA608A}.Debug|Any CPU.ActiveCfg = Debug|Any CPU
		{5F819709-5582-43C5-BC04-C81844AA608A}.Debug|Any CPU.Build.0 = Debug|Any CPU
		{5F819709-5582-43C5-BC04-C81844AA608A}.Release|Any CPU.ActiveCfg = Release|Any CPU
		{5F819709-5582-43C5-BC04-C81844AA608A}.Release|Any CPU.Build.0 = Release|Any CPU
		{E1C81208-03C2-47AD-99EB-6A1D170F4A76}.Debug|Any CPU.ActiveCfg = Debug|Any CPU
		{E1C81208-03C2-47AD-99EB-6A1D170F4A76}.Debug|Any CPU.Build.0 = Debug|Any CPU
		{E1C81208-03C2-47AD-99EB-6A1D170F4A76}.Release|Any CPU.ActiveCfg = Release|Any CPU
		{E1C81208-03C2-47AD-99EB-6A1D170F4A76}.Release|Any CPU.Build.0 = Release|Any CPU
		{A8AF7E50-0645-4D8A-AB45-7EA66812D2A1}.Debug|Any CPU.ActiveCfg = Debug|Any CPU
		{A8AF7E50-0645-4D8A-AB45-7EA66812D2A1}.Debug|Any CPU.Build.0 = Debug|Any CPU
		{A8AF7E50-0645-4D8A-AB45-7EA66812D2A1}.Release|Any CPU.ActiveCfg = Release|Any CPU
		{A8AF7E50-0645-4D8A-AB45-7EA66812D2A1}.Release|Any CPU.Build.0 = Release|Any CPU
		{83A7125E-6839-4D62-858C-1047E7291941}.Debug|Any CPU.ActiveCfg = Debug|Any CPU
		{83A7125E-6839-4D62-858C-1047E7291941}.Debug|Any CPU.Build.0 = Debug|Any CPU
		{83A7125E-6839-4D62-858C-1047E7291941}.Release|Any CPU.ActiveCfg = Release|Any CPU
		{83A7125E-6839-4D62-858C-1047E7291941}.Release|Any CPU.Build.0 = Release|Any CPU
		{B05A60F8-D2FD-473B-BD5E-C1558A670DF2}.Debug|Any CPU.ActiveCfg = Debug|Any CPU
		{B05A60F8-D2FD-473B-BD5E-C1558A670DF2}.Debug|Any CPU.Build.0 = Debug|Any CPU
		{B05A60F8-D2FD-473B-BD5E-C1558A670DF2}.Release|Any CPU.ActiveCfg = Release|Any CPU
		{B05A60F8-D2FD-473B-BD5E-C1558A670DF2}.Release|Any CPU.Build.0 = Release|Any CPU
	EndGlobalSection
EndGlobal
